// !$*UTF8*$!
{
	archiveVersion = 1;
	classes = {
	};
	objectVersion = 46;
	objects = {

/* Begin PBXBuildFile section */
		8F9C6B4E1D3FBFEA00CA86E9 /* AppDelegate.swift in Sources */ = {isa = PBXBuildFile; fileRef = 8F9C6B4D1D3FBFEA00CA86E9 /* AppDelegate.swift */; };
		8F9C6B501D3FBFEA00CA86E9 /* ViewController.swift in Sources */ = {isa = PBXBuildFile; fileRef = 8F9C6B4F1D3FBFEA00CA86E9 /* ViewController.swift */; };
		8F9C6B531D3FBFEA00CA86E9 /* Main.storyboard in Resources */ = {isa = PBXBuildFile; fileRef = 8F9C6B511D3FBFEA00CA86E9 /* Main.storyboard */; };
		8F9C6B551D3FBFEA00CA86E9 /* Assets.xcassets in Resources */ = {isa = PBXBuildFile; fileRef = 8F9C6B541D3FBFEA00CA86E9 /* Assets.xcassets */; };
		8F9C6B581D3FBFEA00CA86E9 /* LaunchScreen.storyboard in Resources */ = {isa = PBXBuildFile; fileRef = 8F9C6B561D3FBFEA00CA86E9 /* LaunchScreen.storyboard */; };
		8FDF3EB91D3FE80600BCF910 /* Person.swift in Sources */ = {isa = PBXBuildFile; fileRef = 8FDF3EB81D3FE80600BCF910 /* Person.swift */; };
/* End PBXBuildFile section */

/* Begin PBXFileReference section */
		8F9C6B4A1D3FBFEA00CA86E9 /* NSUserDefaultsExampleApp.app */ = {isa = PBXFileReference; explicitFileType = wrapper.application; includeInIndex = 0; path = NSUserDefaultsExampleApp.app; sourceTree = BUILT_PRODUCTS_DIR; };
		8F9C6B4D1D3FBFEA00CA86E9 /* AppDelegate.swift */ = {isa = PBXFileReference; lastKnownFileType = sourcecode.swift; path = AppDelegate.swift; sourceTree = "<group>"; };
		8F9C6B4F1D3FBFEA00CA86E9 /* ViewController.swift */ = {isa = PBXFileReference; lastKnownFileType = sourcecode.swift; path = ViewController.swift; sourceTree = "<group>"; };
		8F9C6B521D3FBFEA00CA86E9 /* Base */ = {isa = PBXFileReference; lastKnownFileType = file.storyboard; name = Base; path = Base.lproj/Main.storyboard; sourceTree = "<group>"; };
		8F9C6B541D3FBFEA00CA86E9 /* Assets.xcassets */ = {isa = PBXFileReference; lastKnownFileType = folder.assetcatalog; path = Assets.xcassets; sourceTree = "<group>"; };
		8F9C6B571D3FBFEA00CA86E9 /* Base */ = {isa = PBXFileReference; lastKnownFileType = file.storyboard; name = Base; path = Base.lproj/LaunchScreen.storyboard; sourceTree = "<group>"; };
		8F9C6B591D3FBFEA00CA86E9 /* Info.plist */ = {isa = PBXFileReference; lastKnownFileType = text.plist.xml; path = Info.plist; sourceTree = "<group>"; };
		8FDF3EB81D3FE80600BCF910 /* Person.swift */ = {isa = PBXFileReference; fileEncoding = 4; lastKnownFileType = sourcecode.swift; path = Person.swift; sourceTree = "<group>"; };
/* End PBXFileReference section */

/* Begin PBXFrameworksBuildPhase section */
		8F9C6B471D3FBFEA00CA86E9 /* Frameworks */ = {
			isa = PBXFrameworksBuildPhase;
			buildActionMask = 2147483647;
			files = (
			);
			runOnlyForDeploymentPostprocessing = 0;
		};
/* End PBXFrameworksBuildPhase section */

/* Begin PBXGroup section */
		8F9C6B411D3FBFEA00CA86E9 = {
			isa = PBXGroup;
			children = (
				8F9C6B4C1D3FBFEA00CA86E9 /* NSUserDefaultsExampleApp */,
				8F9C6B4B1D3FBFEA00CA86E9 /* Products */,
			);
			sourceTree = "<group>";
		};
		8F9C6B4B1D3FBFEA00CA86E9 /* Products */ = {
			isa = PBXGroup;
			children = (
				8F9C6B4A1D3FBFEA00CA86E9 /* NSUserDefaultsExampleApp.app */,
			);
			name = Products;
			sourceTree = "<group>";
		};
		8F9C6B4C1D3FBFEA00CA86E9 /* NSUserDefaultsExampleApp */ = {
			isa = PBXGroup;
			children = (
				8F9C6B4D1D3FBFEA00CA86E9 /* AppDelegate.swift */,
				8F9C6B4F1D3FBFEA00CA86E9 /* ViewController.swift */,
				8F9C6B511D3FBFEA00CA86E9 /* Main.storyboard */,
				8F9C6B541D3FBFEA00CA86E9 /* Assets.xcassets */,
				8F9C6B561D3FBFEA00CA86E9 /* LaunchScreen.storyboard */,
				8F9C6B591D3FBFEA00CA86E9 /* Info.plist */,
				8FDF3EB81D3FE80600BCF910 /* Person.swift */,
			);
			path = NSUserDefaultsExampleApp;
			sourceTree = "<group>";
		};
/* End PBXGroup section */

/* Begin PBXNativeTarget section */
		8F9C6B491D3FBFEA00CA86E9 /* NSUserDefaultsExampleApp */ = {
			isa = PBXNativeTarget;
			buildConfigurationList = 8F9C6B5C1D3FBFEA00CA86E9 /* Build configuration list for PBXNativeTarget "NSUserDefaultsExampleApp" */;
			buildPhases = (
				8F9C6B461D3FBFEA00CA86E9 /* Sources */,
				8F9C6B471D3FBFEA00CA86E9 /* Frameworks */,
				8F9C6B481D3FBFEA00CA86E9 /* Resources */,
			);
			buildRules = (
			);
			dependencies = (
			);
			name = NSUserDefaultsExampleApp;
			productName = NSUserDefaultsExampleApp;
			productReference = 8F9C6B4A1D3FBFEA00CA86E9 /* NSUserDefaultsExampleApp.app */;
			productType = "com.apple.product-type.application";
		};
/* End PBXNativeTarget section */

/* Begin PBXProject section */
		8F9C6B421D3FBFEA00CA86E9 /* Project object */ = {
			isa = PBXProject;
			attributes = {
				LastSwiftUpdateCheck = 0730;
				LastUpgradeCheck = 0730;
				ORGANIZATIONNAME = "Dino Musliu";
				TargetAttributes = {
					8F9C6B491D3FBFEA00CA86E9 = {
						CreatedOnToolsVersion = 7.3.1;
					};
				};
			};
			buildConfigurationList = 8F9C6B451D3FBFEA00CA86E9 /* Build configuration list for PBXProject "NSUserDefaultsExampleApp" */;
			compatibilityVersion = "Xcode 3.2";
			developmentRegion = English;
			hasScannedForEncodings = 0;
			knownRegions = (
				en,
				Base,
			);
			mainGroup = 8F9C6B411D3FBFEA00CA86E9;
			productRefGroup = 8F9C6B4B1D3FBFEA00CA86E9 /* Products */;
			projectDirPath = "";
			projectRoot = "";
			targets = (
				8F9C6B491D3FBFEA00CA86E9 /* NSUserDefaultsExampleApp */,
			);
		};
/* End PBXProject section */

/* Begin PBXResourcesBuildPhase section */
		8F9C6B481D3FBFEA00CA86E9 /* Resources */ = {
			isa = PBXResourcesBuildPhase;
			buildActionMask = 2147483647;
			files = (
				8F9C6B581D3FBFEA00CA86E9 /* LaunchScreen.storyboard in Resources */,
				8F9C6B551D3FBFEA00CA86E9 /* Assets.xcassets in Resources */,
				8F9C6B531D3FBFEA00CA86E9 /* Main.storyboard in Resources */,
			);
			runOnlyForDeploymentPostprocessing = 0;
		};
/* End PBXResourcesBuildPhase section */

/* Begin PBXSourcesBuildPhase section */
		8F9C6B461D3FBFEA00CA86E9 /* Sources */ = {
			isa = PBXSourcesBuildPhase;
			buildActionMask = 2147483647;
			files = (
				8FDF3EB91D3FE80600BCF910 /* Person.swift in Sources */,
				8F9C6B501D3FBFEA00CA86E9 /* ViewController.swift in Sources */,
				8F9C6B4E1D3FBFEA00CA86E9 /* AppDelegate.swift in Sources */,
			);
			runOnlyForDeploymentPostprocessing = 0;
		};
/* End PBXSourcesBuildPhase section */

/* Begin PBXVariantGroup section */
		8F9C6B511D3FBFEA00CA86E9 /* Main.storyboard */ = {
			isa = PBXVariantGroup;
			children = (
				8F9C6B521D3FBFEA00CA86E9 /* Base */,
			);
			name = Main.storyboard;
			sourceTree = "<group>";
		};
		8F9C6B561D3FBFEA00CA86E9 /* LaunchScreen.storyboard */ = {
			isa = PBXVariantGroup;
			children = (
				8F9C6B571D3FBFEA00CA86E9 /* Base */,
			);
			name = LaunchScreen.storyboard;
			sourceTree = "<group>";
		};
/* End PBXVariantGroup section */

/* Begin XCBuildConfiguration section */
		8F9C6B5A1D3FBFEA00CA86E9 /* Debug */ = {
			isa = XCBuildConfiguration;
			buildSettings = {
				ALWAYS_SEARCH_USER_PATHS = NO;
				CLANG_ANALYZER_NONNULL = YES;
				CLANG_CXX_LANGUAGE_STANDARD = "gnu++0x";
				CLANG_CXX_LIBRARY = "libc++";
				CLANG_ENABLE_MODULES = YES;
				CLANG_ENABLE_OBJC_ARC = YES;
				CLANG_WARN_BOOL_CONVERSION = YES;
				CLANG_WARN_CONSTANT_CONVERSION = YES;
				CLANG_WARN_DIRECT_OBJC_ISA_USAGE = YES_ERROR;
				CLANG_WARN_EMPTY_BODY = YES;
				CLANG_WARN_ENUM_CONVERSION = YES;
				CLANG_WARN_INT_CONVERSION = YES;
				CLANG_WARN_OBJC_ROOT_CLASS = YES_ERROR;
				CLANG_WARN_UNREACHABLE_CODE = YES;
				CLANG_WARN__DUPLICATE_METHOD_MATCH = YES;
				"CODE_SIGN_IDENTITY[sdk=iphoneos*]" = "iPhone Developer";
				COPY_PHASE_STRIP = NO;
				DEBUG_INFORMATION_FORMAT = dwarf;
				ENABLE_STRICT_OBJC_MSGSEND = YES;
				ENABLE_TESTABILITY = YES;
				GCC_C_LANGUAGE_STANDARD = gnu99;
				GCC_DYNAMIC_NO_PIC = NO;
				GCC_NO_COMMON_BLOCKS = YES;
				GCC_OPTIMIZATION_LEVEL = 0;
				GCC_PREPROCESSOR_DEFINITIONS = (
					"DEBUG=1",
					"$(inherited)",
				);
				GCC_WARN_64_TO_32_BIT_CONVERSION = YES;
				GCC_WARN_ABOUT_RETURN_TYPE = YES_ERROR;
				GCC_WARN_UNDECLARED_SELECTOR = YES;
				GCC_WARN_UNINITIALIZED_AUTOS = YES_AGGRESSIVE;
				GCC_WARN_UNUSED_FUNCTION = YES;
				GCC_WARN_UNUSED_VARIABLE = YES;
				IPHONEOS_DEPLOYMENT_TARGET = 9.3;
				MTL_ENABLE_DEBUG_INFO = YES;
				ONLY_ACTIVE_ARCH = YES;
				SDKROOT = iphoneos;
				SWIFT_OPTIMIZATION_LEVEL = "-Onone";
			};
			name = Debug;
		};
		8F9C6B5B1D3FBFEA00CA86E9 /* Release */ = {
			isa = XCBuildConfiguration;
			buildSettings = {
				ALWAYS_SEARCH_USER_PATHS = NO;
				CLANG_ANALYZER_NONNULL = YES;
				CLANG_CXX_LANGUAGE_STANDARD = "gnu++0x";
				CLANG_CXX_LIBRARY = "libc++";
				CLANG_ENABLE_MODULES = YES;
				CLANG_ENABLE_OBJC_ARC = YES;
				CLANG_WARN_BOOL_CONVERSION = YES;
				CLANG_WARN_CONSTANT_CONVERSION = YES;
				CLANG_WARN_DIRECT_OBJC_ISA_USAGE = YES_ERROR;
				CLANG_WARN_EMPTY_BODY = YES;
				CLANG_WARN_ENUM_CONVERSION = YES;
				CLANG_WARN_INT_CONVERSION = YES;
				CLANG_WARN_OBJC_ROOT_CLASS = YES_ERROR;
				CLANG_WARN_UNREACHABLE_CODE = YES;
				CLANG_WARN__DUPLICATE_METHOD_MATCH = YES;
				"CODE_SIGN_IDENTITY[sdk=iphoneos*]" = "iPhone Developer";
				COPY_PHASE_STRIP = NO;
				DEBUG_INFORMATION_FORMAT = "dwarf-with-dsym";
				ENABLE_NS_ASSERTIONS = NO;
				ENABLE_STRICT_OBJC_MSGSEND = YES;
				GCC_C_LANGUAGE_STANDARD = gnu99;
				GCC_NO_COMMON_BLOCKS = YES;
				GCC_WARN_64_TO_32_BIT_CONVERSION = YES;
				GCC_WARN_ABOUT_RETURN_TYPE = YES_ERROR;
				GCC_WARN_UNDECLARED_SELECTOR = YES;
				GCC_WARN_UNINITIALIZED_AUTOS = YES_AGGRESSIVE;
				GCC_WARN_UNUSED_FUNCTION = YES;
				GCC_WARN_UNUSED_VARIABLE = YES;
				IPHONEOS_DEPLOYMENT_TARGET = 9.3;
				MTL_ENABLE_DEBUG_INFO = NO;
				SDKROOT = iphoneos;
				VALIDATE_PRODUCT = YES;
			};
			name = Release;
		};
		8F9C6B5D1D3FBFEA00CA86E9 /* Debug */ = {
			isa = XCBuildConfiguration;
			buildSettings = {
				ASSETCATALOG_COMPILER_APPICON_NAME = AppIcon;
				INFOPLIST_FILE = NSUserDefaultsExampleApp/Info.plist;
				LD_RUNPATH_SEARCH_PATHS = "$(inherited) @executable_path/Frameworks";
				PRODUCT_BUNDLE_IDENTIFIER = com.mdino.NSUserDefaultsExampleApp;
				PRODUCT_NAME = "$(TARGET_NAME)";
			};
			name = Debug;
		};
		8F9C6B5E1D3FBFEA00CA86E9 /* Release */ = {
			isa = XCBuildConfiguration;
			buildSettings = {
				ASSETCATALOG_COMPILER_APPICON_NAME = AppIcon;
				INFOPLIST_FILE = NSUserDefaultsExampleApp/Info.plist;
				LD_RUNPATH_SEARCH_PATHS = "$(inherited) @executable_path/Frameworks";
				PRODUCT_BUNDLE_IDENTIFIER = com.mdino.NSUserDefaultsExampleApp;
				PRODUCT_NAME = "$(TARGET_NAME)";
			};
			name = Release;
		};
/* End XCBuildConfiguration section */

/* Begin XCConfigurationList section */
		8F9C6B451D3FBFEA00CA86E9 /* Build configuration list for PBXProject "NSUserDefaultsExampleApp" */ = {
			isa = XCConfigurationList;
			buildConfigurations = (
				8F9C6B5A1D3FBFEA00CA86E9 /* Debug */,
				8F9C6B5B1D3FBFEA00CA86E9 /* Release */,
			);
			defaultConfigurationIsVisible = 0;
			defaultConfigurationName = Release;
		};
		8F9C6B5C1D3FBFEA00CA86E9 /* Build configuration list for PBXNativeTarget "NSUserDefaultsExampleApp" */ = {
			isa = XCConfigurationList;
			buildConfigurations = (
				8F9C6B5D1D3FBFEA00CA86E9 /* Debug */,
				8F9C6B5E1D3FBFEA00CA86E9 /* Release */,
			);
			defaultConfigurationIsVisible = 0;
			defaultConfigurationName = Release;
		};
/* End XCConfigurationList section */
	};
	rootObject = 8F9C6B421D3FBFEA00CA86E9 /* Project object */;
}
